
Microsoft Visual Studio Solution File, Format Version 12.00
# Visual Studio Version 17
VisualStudioVersion = 17.10.35027.167
MinimumVisualStudioVersion = 10.0.40219.1
Project("{FAE04EC0-301F-11D3-BF4B-00C04F79EFBC}") = "ProjetFoodOrder", "ProjetFoodOrder\ProjetFoodOrder.csproj", "{52F23E24-EAA6-4096-AFCE-13ECB9F46928}"
EndProject
Global
	GlobalSection(SolutionConfigurationPlatforms) = preSolution
		Debug|Any CPU = Debug|Any CPU
		Release|Any CPU = Release|Any CPU
	EndGlobalSection
	GlobalSection(ProjectConfigurationPlatforms) = postSolution
		{52F23E24-EAA6-4096-AFCE-13ECB9F46928}.Debug|Any CPU.ActiveCfg = Debug|Any CPU
		{52F23E24-EAA6-4096-AFCE-13ECB9F46928}.Debug|Any CPU.Build.0 = Debug|Any CPU
		{52F23E24-EAA6-4096-AFCE-13ECB9F46928}.Release|Any CPU.ActiveCfg = Release|Any CPU
		{52F23E24-EAA6-4096-AFCE-13ECB9F46928}.Release|Any CPU.Build.0 = Release|Any CPU
	EndGlobalSection
	GlobalSection(SolutionProperties) = preSolution
		HideSolutionNode = FALSE
	EndGlobalSection
	GlobalSection(ExtensibilityGlobals) = postSolution
		SolutionGuid = {7D9413C1-FBCE-4FFC-8CFA-86769D833079}
	EndGlobalSection
EndGlobal
